
Microsoft Visual Studio Solution File, Format Version 12.00
# Visual Studio Version 17
VisualStudioVersion = 17.5.33516.290
MinimumVisualStudioVersion = 10.0.40219.1
Project("{FAE04EC0-301F-11D3-BF4B-00C04F79EFBC}") = "ScaffoldIdentity", "ScaffoldIdentity\ScaffoldIdentity.csproj", "{D257D4DE-8B9B-49CE-A7B0-871BFE07723E}"
EndProject
Global
	GlobalSection(SolutionConfigurationPlatforms) = preSolution
		Debug|Any CPU = Debug|Any CPU
		Release|Any CPU = Release|Any CPU
	EndGlobalSection
	GlobalSection(ProjectConfigurationPlatforms) = postSolution
		{D257D4DE-8B9B-49CE-A7B0-871BFE07723E}.Debug|Any CPU.ActiveCfg = Debug|Any CPU
		{D257D4DE-8B9B-49CE-A7B0-871BFE07723E}.Debug|Any CPU.Build.0 = Debug|Any CPU
		{D257D4DE-8B9B-49CE-A7B0-871BFE07723E}.Release|Any CPU.ActiveCfg = Release|Any CPU
		{D257D4DE-8B9B-49CE-A7B0-871BFE07723E}.Release|Any CPU.Build.0 = Release|Any CPU
	EndGlobalSection
	GlobalSection(SolutionProperties) = preSolution
		HideSolutionNode = FALSE
	EndGlobalSection
	GlobalSection(ExtensibilityGlobals) = postSolution
		SolutionGuid = {01412F95-CAFA-4EB8-8934-F15A8BA37002}
	EndGlobalSection
EndGlobal
